// !$*UTF8*$!
{
	archiveVersion = 1;
	classes = {
	};
	objectVersion = 56;
	objects = {

/* Begin PBXBuildFile section */
		3082320C2C5C0167008FA87F /* AppDelegate.swift in Sources */ = {isa = PBXBuildFile; fileRef = 3082320B2C5C0167008FA87F /* AppDelegate.swift */; };
		3082320E2C5C0167008FA87F /* SceneDelegate.swift in Sources */ = {isa = PBXBuildFile; fileRef = 3082320D2C5C0167008FA87F /* SceneDelegate.swift */; };
		308232132C5C0167008FA87F /* Base in Resources */ = {isa = PBXBuildFile; fileRef = 308232122C5C0167008FA87F /* Base */; };
		308232152C5C0168008FA87F /* Assets.xcassets in Resources */ = {isa = PBXBuildFile; fileRef = 308232142C5C0168008FA87F /* Assets.xcassets */; };
		308232182C5C0168008FA87F /* Base in Resources */ = {isa = PBXBuildFile; fileRef = 308232172C5C0168008FA87F /* Base */; };
		308232212C5C01FD008FA87F /* FirebaseAuth in Frameworks */ = {isa = PBXBuildFile; productRef = 308232202C5C01FD008FA87F /* FirebaseAuth */; };
		308232232C5C01FD008FA87F /* FirebaseFirestore in Frameworks */ = {isa = PBXBuildFile; productRef = 308232222C5C01FD008FA87F /* FirebaseFirestore */; };
		308232252C5C170B008FA87F /* GoogleService-Info.plist in Resources */ = {isa = PBXBuildFile; fileRef = 308232242C5C170B008FA87F /* GoogleService-Info.plist */; };
		308232272C5C1AC7008FA87F /* LoginViewController.swift in Sources */ = {isa = PBXBuildFile; fileRef = 308232262C5C1AC7008FA87F /* LoginViewController.swift */; };
		308232292C5C1AD7008FA87F /* CreateAccountViewController.swift in Sources */ = {isa = PBXBuildFile; fileRef = 308232282C5C1AD7008FA87F /* CreateAccountViewController.swift */; };
		3082322B2C5C21F5008FA87F /* MainViewController.swift in Sources */ = {isa = PBXBuildFile; fileRef = 3082322A2C5C21F5008FA87F /* MainViewController.swift */; };
		3082322D2C5C69F8008FA87F /* AddViewController.swift in Sources */ = {isa = PBXBuildFile; fileRef = 3082322C2C5C69F8008FA87F /* AddViewController.swift */; };
/* End PBXBuildFile section */

/* Begin PBXFileReference section */
		308232082C5C0167008FA87F /* Movie Archive.app */ = {isa = PBXFileReference; explicitFileType = wrapper.application; includeInIndex = 0; path = "Movie Archive.app"; sourceTree = BUILT_PRODUCTS_DIR; };
		3082320B2C5C0167008FA87F /* AppDelegate.swift */ = {isa = PBXFileReference; lastKnownFileType = sourcecode.swift; path = AppDelegate.swift; sourceTree = "<group>"; };
		3082320D2C5C0167008FA87F /* SceneDelegate.swift */ = {isa = PBXFileReference; lastKnownFileType = sourcecode.swift; path = SceneDelegate.swift; sourceTree = "<group>"; };
		308232122C5C0167008FA87F /* Base */ = {isa = PBXFileReference; lastKnownFileType = file.storyboard; name = Base; path = Base.lproj/Main.storyboard; sourceTree = "<group>"; };
		308232142C5C0168008FA87F /* Assets.xcassets */ = {isa = PBXFileReference; lastKnownFileType = folder.assetcatalog; path = Assets.xcassets; sourceTree = "<group>"; };
		308232172C5C0168008FA87F /* Base */ = {isa = PBXFileReference; lastKnownFileType = file.storyboard; name = Base; path = Base.lproj/LaunchScreen.storyboard; sourceTree = "<group>"; };
		308232192C5C0168008FA87F /* Info.plist */ = {isa = PBXFileReference; lastKnownFileType = text.plist.xml; path = Info.plist; sourceTree = "<group>"; };
		308232242C5C170B008FA87F /* GoogleService-Info.plist */ = {isa = PBXFileReference; fileEncoding = 4; lastKnownFileType = text.plist.xml; path = "GoogleService-Info.plist"; sourceTree = "<group>"; };
		308232262C5C1AC7008FA87F /* LoginViewController.swift */ = {isa = PBXFileReference; lastKnownFileType = sourcecode.swift; path = LoginViewController.swift; sourceTree = "<group>"; };
		308232282C5C1AD7008FA87F /* CreateAccountViewController.swift */ = {isa = PBXFileReference; lastKnownFileType = sourcecode.swift; path = CreateAccountViewController.swift; sourceTree = "<group>"; };
		3082322A2C5C21F5008FA87F /* MainViewController.swift */ = {isa = PBXFileReference; lastKnownFileType = sourcecode.swift; path = MainViewController.swift; sourceTree = "<group>"; };
		3082322C2C5C69F8008FA87F /* AddViewController.swift */ = {isa = PBXFileReference; lastKnownFileType = sourcecode.swift; path = AddViewController.swift; sourceTree = "<group>"; };
/* End PBXFileReference section */

/* Begin PBXFrameworksBuildPhase section */
		308232052C5C0166008FA87F /* Frameworks */ = {
			isa = PBXFrameworksBuildPhase;
			buildActionMask = 2147483647;
			files = (
				308232212C5C01FD008FA87F /* FirebaseAuth in Frameworks */,
				308232232C5C01FD008FA87F /* FirebaseFirestore in Frameworks */,
			);
			runOnlyForDeploymentPostprocessing = 0;
		};
/* End PBXFrameworksBuildPhase section */

/* Begin PBXGroup section */
		308231FF2C5C0166008FA87F = {
			isa = PBXGroup;
			children = (
				3082320A2C5C0167008FA87F /* Movie Archive */,
				308232092C5C0167008FA87F /* Products */,
			);
			sourceTree = "<group>";
		};
		308232092C5C0167008FA87F /* Products */ = {
			isa = PBXGroup;
			children = (
				308232082C5C0167008FA87F /* Movie Archive.app */,
			);
			name = Products;
			sourceTree = "<group>";
		};
		3082320A2C5C0167008FA87F /* Movie Archive */ = {
			isa = PBXGroup;
			children = (
				3082320B2C5C0167008FA87F /* AppDelegate.swift */,
				3082320D2C5C0167008FA87F /* SceneDelegate.swift */,
				308232112C5C0167008FA87F /* Main.storyboard */,
				308232142C5C0168008FA87F /* Assets.xcassets */,
				308232162C5C0168008FA87F /* LaunchScreen.storyboard */,
				308232192C5C0168008FA87F /* Info.plist */,
				308232242C5C170B008FA87F /* GoogleService-Info.plist */,
				308232262C5C1AC7008FA87F /* LoginViewController.swift */,
				308232282C5C1AD7008FA87F /* CreateAccountViewController.swift */,
				3082322A2C5C21F5008FA87F /* MainViewController.swift */,
				3082322C2C5C69F8008FA87F /* AddViewController.swift */,
			);
			path = "Movie Archive";
			sourceTree = "<group>";
		};
/* End PBXGroup section */

/* Begin PBXNativeTarget section */
		308232072C5C0166008FA87F /* Movie Archive */ = {
			isa = PBXNativeTarget;
			buildConfigurationList = 3082321C2C5C0168008FA87F /* Build configuration list for PBXNativeTarget "Movie Archive" */;
			buildPhases = (
				308232042C5C0166008FA87F /* Sources */,
				308232052C5C0166008FA87F /* Frameworks */,
				308232062C5C0166008FA87F /* Resources */,
			);
			buildRules = (
			);
			dependencies = (
			);
			name = "Movie Archive";
			packageProductDependencies = (
				308232202C5C01FD008FA87F /* FirebaseAuth */,
				308232222C5C01FD008FA87F /* FirebaseFirestore */,
			);
			productName = "Movie Archive";
			productReference = 308232082C5C0167008FA87F /* Movie Archive.app */;
			productType = "com.apple.product-type.application";
		};
/* End PBXNativeTarget section */

/* Begin PBXProject section */
		308232002C5C0166008FA87F /* Project object */ = {
			isa = PBXProject;
			attributes = {
				BuildIndependentTargetsInParallel = 1;
				LastSwiftUpdateCheck = 1540;
				LastUpgradeCheck = 1540;
				TargetAttributes = {
					308232072C5C0166008FA87F = {
						CreatedOnToolsVersion = 15.4;
					};
				};
			};
			buildConfigurationList = 308232032C5C0166008FA87F /* Build configuration list for PBXProject "Movie Archive" */;
			compatibilityVersion = "Xcode 14.0";
			developmentRegion = en;
			hasScannedForEncodings = 0;
			knownRegions = (
				en,
				Base,
			);
			mainGroup = 308231FF2C5C0166008FA87F;
			packageReferences = (
				3082321F2C5C01FD008FA87F /* XCRemoteSwiftPackageReference "firebase-ios-sdk" */,
			);
			productRefGroup = 308232092C5C0167008FA87F /* Products */;
			projectDirPath = "";
			projectRoot = "";
			targets = (
				308232072C5C0166008FA87F /* Movie Archive */,
			);
		};
/* End PBXProject section */

/* Begin PBXResourcesBuildPhase section */
		308232062C5C0166008FA87F /* Resources */ = {
			isa = PBXResourcesBuildPhase;
			buildActionMask = 2147483647;
			files = (
				308232152C5C0168008FA87F /* Assets.xcassets in Resources */,
				308232182C5C0168008FA87F /* Base in Resources */,
				308232252C5C170B008FA87F /* GoogleService-Info.plist in Resources */,
				308232132C5C0167008FA87F /* Base in Resources */,
			);
			runOnlyForDeploymentPostprocessing = 0;
		};
/* End PBXResourcesBuildPhase section */

/* Begin PBXSourcesBuildPhase section */
		308232042C5C0166008FA87F /* Sources */ = {
			isa = PBXSourcesBuildPhase;
			buildActionMask = 2147483647;
			files = (
				308232292C5C1AD7008FA87F /* CreateAccountViewController.swift in Sources */,
				308232272C5C1AC7008FA87F /* LoginViewController.swift in Sources */,
				3082322D2C5C69F8008FA87F /* AddViewController.swift in Sources */,
				3082320C2C5C0167008FA87F /* AppDelegate.swift in Sources */,
				3082320E2C5C0167008FA87F /* SceneDelegate.swift in Sources */,
				3082322B2C5C21F5008FA87F /* MainViewController.swift in Sources */,
			);
			runOnlyForDeploymentPostprocessing = 0;
		};
/* End PBXSourcesBuildPhase section */

/* Begin PBXVariantGroup section */
		308232112C5C0167008FA87F /* Main.storyboard */ = {
			isa = PBXVariantGroup;
			children = (
				308232122C5C0167008FA87F /* Base */,
			);
			name = Main.storyboard;
			sourceTree = "<group>";
		};
		308232162C5C0168008FA87F /* LaunchScreen.storyboard */ = {
			isa = PBXVariantGroup;
			children = (
				308232172C5C0168008FA87F /* Base */,
			);
			name = LaunchScreen.storyboard;
			sourceTree = "<group>";
		};
/* End PBXVariantGroup section */

/* Begin XCBuildConfiguration section */
		3082321A2C5C0168008FA87F /* Debug */ = {
			isa = XCBuildConfiguration;
			buildSettings = {
				ALWAYS_SEARCH_USER_PATHS = NO;
				ASSETCATALOG_COMPILER_GENERATE_SWIFT_ASSET_SYMBOL_EXTENSIONS = YES;
				CLANG_ANALYZER_NONNULL = YES;
				CLANG_ANALYZER_NUMBER_OBJECT_CONVERSION = YES_AGGRESSIVE;
				CLANG_CXX_LANGUAGE_STANDARD = "gnu++20";
				CLANG_ENABLE_MODULES = YES;
				CLANG_ENABLE_OBJC_ARC = YES;
				CLANG_ENABLE_OBJC_WEAK = YES;
				CLANG_WARN_BLOCK_CAPTURE_AUTORELEASING = YES;
				CLANG_WARN_BOOL_CONVERSION = YES;
				CLANG_WARN_COMMA = YES;
				CLANG_WARN_CONSTANT_CONVERSION = YES;
				CLANG_WARN_DEPRECATED_OBJC_IMPLEMENTATIONS = YES;
				CLANG_WARN_DIRECT_OBJC_ISA_USAGE = YES_ERROR;
				CLANG_WARN_DOCUMENTATION_COMMENTS = YES;
				CLANG_WARN_EMPTY_BODY = YES;
				CLANG_WARN_ENUM_CONVERSION = YES;
				CLANG_WARN_INFINITE_RECURSION = YES;
				CLANG_WARN_INT_CONVERSION = YES;
				CLANG_WARN_NON_LITERAL_NULL_CONVERSION = YES;
				CLANG_WARN_OBJC_IMPLICIT_RETAIN_SELF = YES;
				CLANG_WARN_OBJC_LITERAL_CONVERSION = YES;
				CLANG_WARN_OBJC_ROOT_CLASS = YES_ERROR;
				CLANG_WARN_QUOTED_INCLUDE_IN_FRAMEWORK_HEADER = YES;
				CLANG_WARN_RANGE_LOOP_ANALYSIS = YES;
				CLANG_WARN_STRICT_PROTOTYPES = YES;
				CLANG_WARN_SUSPICIOUS_MOVE = YES;
				CLANG_WARN_UNGUARDED_AVAILABILITY = YES_AGGRESSIVE;
				CLANG_WARN_UNREACHABLE_CODE = YES;
				CLANG_WARN__DUPLICATE_METHOD_MATCH = YES;
				COPY_PHASE_STRIP = NO;
				DEBUG_INFORMATION_FORMAT = dwarf;
				ENABLE_STRICT_OBJC_MSGSEND = YES;
				ENABLE_TESTABILITY = YES;
				ENABLE_USER_SCRIPT_SANDBOXING = YES;
				GCC_C_LANGUAGE_STANDARD = gnu17;
				GCC_DYNAMIC_NO_PIC = NO;
				GCC_NO_COMMON_BLOCKS = YES;
				GCC_OPTIMIZATION_LEVEL = 0;
				GCC_PREPROCESSOR_DEFINITIONS = (
					"DEBUG=1",
					"$(inherited)",
				);
				GCC_WARN_64_TO_32_BIT_CONVERSION = YES;
				GCC_WARN_ABOUT_RETURN_TYPE = YES_ERROR;
				GCC_WARN_UNDECLARED_SELECTOR = YES;
				GCC_WARN_UNINITIALIZED_AUTOS = YES_AGGRESSIVE;
				GCC_WARN_UNUSED_FUNCTION = YES;
				GCC_WARN_UNUSED_VARIABLE = YES;
				IPHONEOS_DEPLOYMENT_TARGET = 17.5;
				LOCALIZATION_PREFERS_STRING_CATALOGS = YES;
				MTL_ENABLE_DEBUG_INFO = INCLUDE_SOURCE;
				MTL_FAST_MATH = YES;
				ONLY_ACTIVE_ARCH = YES;
				SDKROOT = iphoneos;
				SWIFT_ACTIVE_COMPILATION_CONDITIONS = "DEBUG $(inherited)";
				SWIFT_OPTIMIZATION_LEVEL = "-Onone";
			};
			name = Debug;
		};
		3082321B2C5C0168008FA87F /* Release */ = {
			isa = XCBuildConfiguration;
			buildSettings = {
				ALWAYS_SEARCH_USER_PATHS = NO;
				ASSETCATALOG_COMPILER_GENERATE_SWIFT_ASSET_SYMBOL_EXTENSIONS = YES;
				CLANG_ANALYZER_NONNULL = YES;
				CLANG_ANALYZER_NUMBER_OBJECT_CONVERSION = YES_AGGRESSIVE;
				CLANG_CXX_LANGUAGE_STANDARD = "gnu++20";
				CLANG_ENABLE_MODULES = YES;
				CLANG_ENABLE_OBJC_ARC = YES;
				CLANG_ENABLE_OBJC_WEAK = YES;
				CLANG_WARN_BLOCK_CAPTURE_AUTORELEASING = YES;
				CLANG_WARN_BOOL_CONVERSION = YES;
				CLANG_WARN_COMMA = YES;
				CLANG_WARN_CONSTANT_CONVERSION = YES;
				CLANG_WARN_DEPRECATED_OBJC_IMPLEMENTATIONS = YES;
				CLANG_WARN_DIRECT_OBJC_ISA_USAGE = YES_ERROR;
				CLANG_WARN_DOCUMENTATION_COMMENTS = YES;
				CLANG_WARN_EMPTY_BODY = YES;
				CLANG_WARN_ENUM_CONVERSION = YES;
				CLANG_WARN_INFINITE_RECURSION = YES;
				CLANG_WARN_INT_CONVERSION = YES;
				CLANG_WARN_NON_LITERAL_NULL_CONVERSION = YES;
				CLANG_WARN_OBJC_IMPLICIT_RETAIN_SELF = YES;
				CLANG_WARN_OBJC_LITERAL_CONVERSION = YES;
				CLANG_WARN_OBJC_ROOT_CLASS = YES_ERROR;
				CLANG_WARN_QUOTED_INCLUDE_IN_FRAMEWORK_HEADER = YES;
				CLANG_WARN_RANGE_LOOP_ANALYSIS = YES;
				CLANG_WARN_STRICT_PROTOTYPES = YES;
				CLANG_WARN_SUSPICIOUS_MOVE = YES;
				CLANG_WARN_UNGUARDED_AVAILABILITY = YES_AGGRESSIVE;
				CLANG_WARN_UNREACHABLE_CODE = YES;
				CLANG_WARN__DUPLICATE_METHOD_MATCH = YES;
				COPY_PHASE_STRIP = NO;
				DEBUG_INFORMATION_FORMAT = "dwarf-with-dsym";
				ENABLE_NS_ASSERTIONS = NO;
				ENABLE_STRICT_OBJC_MSGSEND = YES;
				ENABLE_USER_SCRIPT_SANDBOXING = YES;
				GCC_C_LANGUAGE_STANDARD = gnu17;
				GCC_NO_COMMON_BLOCKS = YES;
				GCC_WARN_64_TO_32_BIT_CONVERSION = YES;
				GCC_WARN_ABOUT_RETURN_TYPE = YES_ERROR;
				GCC_WARN_UNDECLARED_SELECTOR = YES;
				GCC_WARN_UNINITIALIZED_AUTOS = YES_AGGRESSIVE;
				GCC_WARN_UNUSED_FUNCTION = YES;
				GCC_WARN_UNUSED_VARIABLE = YES;
				IPHONEOS_DEPLOYMENT_TARGET = 17.5;
				LOCALIZATION_PREFERS_STRING_CATALOGS = YES;
				MTL_ENABLE_DEBUG_INFO = NO;
				MTL_FAST_MATH = YES;
				SDKROOT = iphoneos;
				SWIFT_COMPILATION_MODE = wholemodule;
				VALIDATE_PRODUCT = YES;
			};
			name = Release;
		};
		3082321D2C5C0168008FA87F /* Debug */ = {
			isa = XCBuildConfiguration;
			buildSettings = {
				ASSETCATALOG_COMPILER_APPICON_NAME = AppIcon;
				ASSETCATALOG_COMPILER_GLOBAL_ACCENT_COLOR_NAME = AccentColor;
				CODE_SIGN_STYLE = Automatic;
				CURRENT_PROJECT_VERSION = 1;
				DEVELOPMENT_TEAM = T875CT68CN;
				GENERATE_INFOPLIST_FILE = YES;
				INFOPLIST_FILE = "Movie Archive/Info.plist";
				INFOPLIST_KEY_UIApplicationSupportsIndirectInputEvents = YES;
				INFOPLIST_KEY_UILaunchStoryboardName = LaunchScreen;
				INFOPLIST_KEY_UIMainStoryboardFile = Main;
				INFOPLIST_KEY_UISupportedInterfaceOrientations_iPad = "UIInterfaceOrientationPortrait UIInterfaceOrientationPortraitUpsideDown UIInterfaceOrientationLandscapeLeft UIInterfaceOrientationLandscapeRight";
				INFOPLIST_KEY_UISupportedInterfaceOrientations_iPhone = "UIInterfaceOrientationPortrait UIInterfaceOrientationLandscapeLeft UIInterfaceOrientationLandscapeRight";
				LD_RUNPATH_SEARCH_PATHS = (
					"$(inherited)",
					"@executable_path/Frameworks",
				);
				MARKETING_VERSION = 1.0;
				PRODUCT_BUNDLE_IDENTIFIER = "ca.georgian.Movie-Archive";
				PRODUCT_NAME = "$(TARGET_NAME)";
				SWIFT_EMIT_LOC_STRINGS = YES;
				SWIFT_VERSION = 5.0;
				TARGETED_DEVICE_FAMILY = "1,2";
			};
			name = Debug;
		};
		3082321E2C5C0168008FA87F /* Release */ = {
			isa = XCBuildConfiguration;
			buildSettings = {
				ASSETCATALOG_COMPILER_APPICON_NAME = AppIcon;
				ASSETCATALOG_COMPILER_GLOBAL_ACCENT_COLOR_NAME = AccentColor;
				CODE_SIGN_STYLE = Automatic;
				CURRENT_PROJECT_VERSION = 1;
				DEVELOPMENT_TEAM = T875CT68CN;
				GENERATE_INFOPLIST_FILE = YES;
				INFOPLIST_FILE = "Movie Archive/Info.plist";
				INFOPLIST_KEY_UIApplicationSupportsIndirectInputEvents = YES;
				INFOPLIST_KEY_UILaunchStoryboardName = LaunchScreen;
				INFOPLIST_KEY_UIMainStoryboardFile = Main;
				INFOPLIST_KEY_UISupportedInterfaceOrientations_iPad = "UIInterfaceOrientationPortrait UIInterfaceOrientationPortraitUpsideDown UIInterfaceOrientationLandscapeLeft UIInterfaceOrientationLandscapeRight";
				INFOPLIST_KEY_UISupportedInterfaceOrientations_iPhone = "UIInterfaceOrientationPortrait UIInterfaceOrientationLandscapeLeft UIInterfaceOrientationLandscapeRight";
				LD_RUNPATH_SEARCH_PATHS = (
					"$(inherited)",
					"@executable_path/Frameworks",
				);
				MARKETING_VERSION = 1.0;
				PRODUCT_BUNDLE_IDENTIFIER = "ca.georgian.Movie-Archive";
				PRODUCT_NAME = "$(TARGET_NAME)";
				SWIFT_EMIT_LOC_STRINGS = YES;
				SWIFT_VERSION = 5.0;
				TARGETED_DEVICE_FAMILY = "1,2";
			};
			name = Release;
		};
/* End XCBuildConfiguration section */

/* Begin XCConfigurationList section */
		308232032C5C0166008FA87F /* Build configuration list for PBXProject "Movie Archive" */ = {
			isa = XCConfigurationList;
			buildConfigurations = (
				3082321A2C5C0168008FA87F /* Debug */,
				3082321B2C5C0168008FA87F /* Release */,
			);
			defaultConfigurationIsVisible = 0;
			defaultConfigurationName = Release;
		};
		3082321C2C5C0168008FA87F /* Build configuration list for PBXNativeTarget "Movie Archive" */ = {
			isa = XCConfigurationList;
			buildConfigurations = (
				3082321D2C5C0168008FA87F /* Debug */,
				3082321E2C5C0168008FA87F /* Release */,
			);
			defaultConfigurationIsVisible = 0;
			defaultConfigurationName = Release;
		};
/* End XCConfigurationList section */

/* Begin XCRemoteSwiftPackageReference section */
		3082321F2C5C01FD008FA87F /* XCRemoteSwiftPackageReference "firebase-ios-sdk" */ = {
			isa = XCRemoteSwiftPackageReference;
			repositoryURL = "https://github.com/firebase/firebase-ios-sdk";
			requirement = {
				kind = upToNextMajorVersion;
				minimumVersion = 11.0.0;
			};
		};
/* End XCRemoteSwiftPackageReference section */

/* Begin XCSwiftPackageProductDependency section */
		308232202C5C01FD008FA87F /* FirebaseAuth */ = {
			isa = XCSwiftPackageProductDependency;
			package = 3082321F2C5C01FD008FA87F /* XCRemoteSwiftPackageReference "firebase-ios-sdk" */;
			productName = FirebaseAuth;
		};
		308232222C5C01FD008FA87F /* FirebaseFirestore */ = {
			isa = XCSwiftPackageProductDependency;
			package = 3082321F2C5C01FD008FA87F /* XCRemoteSwiftPackageReference "firebase-ios-sdk" */;
			productName = FirebaseFirestore;
		};
/* End XCSwiftPackageProductDependency section */
	};
	rootObject = 308232002C5C0166008FA87F /* Project object */;
}
